
Microsoft Visual Studio Solution File, Format Version 12.00
# Visual Studio Version 16
VisualStudioVersion = 16.0.31105.61
MinimumVisualStudioVersion = 10.0.40219.1
Project("{FAE04EC0-301F-11D3-BF4B-00C04F79EFBC}") = "EntityFrameWorkDemo", "EntityFrameWorkDemo\EntityFrameWorkDemo.csproj", "{525E8426-D792-4B90-A290-C99D42454455}"
EndProject
Global
	GlobalSection(SolutionConfigurationPlatforms) = preSolution
		Debug|Any CPU = Debug|Any CPU
		Release|Any CPU = Release|Any CPU
	EndGlobalSection
	GlobalSection(ProjectConfigurationPlatforms) = postSolution
		{525E8426-D792-4B90-A290-C99D42454455}.Debug|Any CPU.ActiveCfg = Debug|Any CPU
		{525E8426-D792-4B90-A290-C99D42454455}.Debug|Any CPU.Build.0 = Debug|Any CPU
		{525E8426-D792-4B90-A290-C99D42454455}.Release|Any CPU.ActiveCfg = Release|Any CPU
		{525E8426-D792-4B90-A290-C99D42454455}.Release|Any CPU.Build.0 = Release|Any CPU
	EndGlobalSection
	GlobalSection(SolutionProperties) = preSolution
		HideSolutionNode = FALSE
	EndGlobalSection
	GlobalSection(ExtensibilityGlobals) = postSolution
		SolutionGuid = {007395F7-E710-4C42-A367-04D5A9A6209D}
	EndGlobalSection
EndGlobal
