
Microsoft Visual Studio Solution File, Format Version 12.00
# Visual Studio Version 16
VisualStudioVersion = 16.0.31112.23
MinimumVisualStudioVersion = 10.0.40219.1
Project("{9A19103F-16F7-4668-BE54-9A1E7A4F7556}") = "DataAccess", "DataAccess\DataAccess.csproj", "{3A51B325-5716-4FDF-B6B0-A3F19B11E299}"
EndProject
Project("{9A19103F-16F7-4668-BE54-9A1E7A4F7556}") = "Business", "Business\Business.csproj", "{4CB04B4B-6539-4990-B6D3-D31D8DE59743}"
EndProject
Project("{9A19103F-16F7-4668-BE54-9A1E7A4F7556}") = "Entities", "Entities\Entities.csproj", "{66929E9B-BA5A-4E99-ADA6-35F91F62C64E}"
EndProject
Project("{9A19103F-16F7-4668-BE54-9A1E7A4F7556}") = "ConsoleUI", "ConsoleUI\ConsoleUI.csproj", "{160A01E5-164C-4252-9DD8-3CF65CCCE869}"
EndProject
Project("{9A19103F-16F7-4668-BE54-9A1E7A4F7556}") = "Core", "Core\Core.csproj", "{52522476-1C6E-4F02-8F93-D2841A1C7A7D}"
EndProject
Project("{FAE04EC0-301F-11D3-BF4B-00C04F79EFBC}") = "WebAPI", "WebAPI\WebAPI.csproj", "{7EBC82E3-10C6-444F-9AB2-ED553A4D3F54}"
EndProject
Global
	GlobalSection(SolutionConfigurationPlatforms) = preSolution
		Debug|Any CPU = Debug|Any CPU
		Release|Any CPU = Release|Any CPU
	EndGlobalSection
	GlobalSection(ProjectConfigurationPlatforms) = postSolution
		{3A51B325-5716-4FDF-B6B0-A3F19B11E299}.Debug|Any CPU.ActiveCfg = Debug|Any CPU
		{3A51B325-5716-4FDF-B6B0-A3F19B11E299}.Debug|Any CPU.Build.0 = Debug|Any CPU
		{3A51B325-5716-4FDF-B6B0-A3F19B11E299}.Release|Any CPU.ActiveCfg = Release|Any CPU
		{3A51B325-5716-4FDF-B6B0-A3F19B11E299}.Release|Any CPU.Build.0 = Release|Any CPU
		{4CB04B4B-6539-4990-B6D3-D31D8DE59743}.Debug|Any CPU.ActiveCfg = Debug|Any CPU
		{4CB04B4B-6539-4990-B6D3-D31D8DE59743}.Debug|Any CPU.Build.0 = Debug|Any CPU
		{4CB04B4B-6539-4990-B6D3-D31D8DE59743}.Release|Any CPU.ActiveCfg = Release|Any CPU
		{4CB04B4B-6539-4990-B6D3-D31D8DE59743}.Release|Any CPU.Build.0 = Release|Any CPU
		{66929E9B-BA5A-4E99-ADA6-35F91F62C64E}.Debug|Any CPU.ActiveCfg = Debug|Any CPU
		{66929E9B-BA5A-4E99-ADA6-35F91F62C64E}.Debug|Any CPU.Build.0 = Debug|Any CPU
		{66929E9B-BA5A-4E99-ADA6-35F91F62C64E}.Release|Any CPU.ActiveCfg = Release|Any CPU
		{66929E9B-BA5A-4E99-ADA6-35F91F62C64E}.Release|Any CPU.Build.0 = Release|Any CPU
		{160A01E5-164C-4252-9DD8-3CF65CCCE869}.Debug|Any CPU.ActiveCfg = Debug|Any CPU
		{160A01E5-164C-4252-9DD8-3CF65CCCE869}.Debug|Any CPU.Build.0 = Debug|Any CPU
		{160A01E5-164C-4252-9DD8-3CF65CCCE869}.Release|Any CPU.ActiveCfg = Release|Any CPU
		{160A01E5-164C-4252-9DD8-3CF65CCCE869}.Release|Any CPU.Build.0 = Release|Any CPU
		{52522476-1C6E-4F02-8F93-D2841A1C7A7D}.Debug|Any CPU.ActiveCfg = Debug|Any CPU
		{52522476-1C6E-4F02-8F93-D2841A1C7A7D}.Debug|Any CPU.Build.0 = Debug|Any CPU
		{52522476-1C6E-4F02-8F93-D2841A1C7A7D}.Release|Any CPU.ActiveCfg = Release|Any CPU
		{52522476-1C6E-4F02-8F93-D2841A1C7A7D}.Release|Any CPU.Build.0 = Release|Any CPU
		{7EBC82E3-10C6-444F-9AB2-ED553A4D3F54}.Debug|Any CPU.ActiveCfg = Debug|Any CPU
		{7EBC82E3-10C6-444F-9AB2-ED553A4D3F54}.Debug|Any CPU.Build.0 = Debug|Any CPU
		{7EBC82E3-10C6-444F-9AB2-ED553A4D3F54}.Release|Any CPU.ActiveCfg = Release|Any CPU
		{7EBC82E3-10C6-444F-9AB2-ED553A4D3F54}.Release|Any CPU.Build.0 = Release|Any CPU
	EndGlobalSection
	GlobalSection(SolutionProperties) = preSolution
		HideSolutionNode = FALSE
	EndGlobalSection
	GlobalSection(ExtensibilityGlobals) = postSolution
		SolutionGuid = {62948C56-F821-4692-8DE2-628260A0189D}
	EndGlobalSection
EndGlobal
